
Microsoft Visual Studio Solution File, Format Version 12.00
# Visual Studio 15
VisualStudioVersion = 15.0.27130.2010
MinimumVisualStudioVersion = 10.0.40219.1
Project("{FAE04EC0-301F-11D3-BF4B-00C04F79EFBC}") = "ERMPower", "ERMPower\ERMPower.csproj", "{C5150574-B278-4C74-BE86-B2876D32CE04}"
EndProject
Project("{FAE04EC0-301F-11D3-BF4B-00C04F79EFBC}") = "ERMPower.Tests", "ERMPower.Tests\ERMPower.Tests.csproj", "{20CCCA64-0DA2-4988-941A-EC52B5561C44}"
EndProject
Global
	GlobalSection(SolutionConfigurationPlatforms) = preSolution
		Debug|Any CPU = Debug|Any CPU
		Release|Any CPU = Release|Any CPU
	EndGlobalSection
	GlobalSection(ProjectConfigurationPlatforms) = postSolution
		{C5150574-B278-4C74-BE86-B2876D32CE04}.Debug|Any CPU.ActiveCfg = Debug|Any CPU
		{C5150574-B278-4C74-BE86-B2876D32CE04}.Debug|Any CPU.Build.0 = Debug|Any CPU
		{C5150574-B278-4C74-BE86-B2876D32CE04}.Release|Any CPU.ActiveCfg = Release|Any CPU
		{C5150574-B278-4C74-BE86-B2876D32CE04}.Release|Any CPU.Build.0 = Release|Any CPU
		{20CCCA64-0DA2-4988-941A-EC52B5561C44}.Debug|Any CPU.ActiveCfg = Debug|Any CPU
		{20CCCA64-0DA2-4988-941A-EC52B5561C44}.Debug|Any CPU.Build.0 = Debug|Any CPU
		{20CCCA64-0DA2-4988-941A-EC52B5561C44}.Release|Any CPU.ActiveCfg = Release|Any CPU
		{20CCCA64-0DA2-4988-941A-EC52B5561C44}.Release|Any CPU.Build.0 = Release|Any CPU
	EndGlobalSection
	GlobalSection(SolutionProperties) = preSolution
		HideSolutionNode = FALSE
	EndGlobalSection
	GlobalSection(ExtensibilityGlobals) = postSolution
		SolutionGuid = {6329BB6E-0A73-42B4-97A9-915E3437A5DF}
	EndGlobalSection
EndGlobal
